
Microsoft Visual Studio Solution File, Format Version 12.00
# Visual Studio 2012
Project("{FAE04EC0-301F-11D3-BF4B-00C04F79EFBC}") = "SearchBarWithTableView", "SearchBarWithTableView\SearchBarWithTableView.csproj", "{F92E628A-AFB6-405C-A15F-227E0F0FE70D}"
EndProject
Global
	GlobalSection(SolutionConfigurationPlatforms) = preSolution
		Debug|iPhoneSimulator = Debug|iPhoneSimulator
		Release|iPhone = Release|iPhone
		Release|iPhoneSimulator = Release|iPhoneSimulator
		Debug|iPhone = Debug|iPhone
	EndGlobalSection
	GlobalSection(ProjectConfigurationPlatforms) = postSolution
		{F92E628A-AFB6-405C-A15F-227E0F0FE70D}.Debug|iPhoneSimulator.ActiveCfg = Debug|iPhoneSimulator
		{F92E628A-AFB6-405C-A15F-227E0F0FE70D}.Debug|iPhoneSimulator.Build.0 = Debug|iPhoneSimulator
		{F92E628A-AFB6-405C-A15F-227E0F0FE70D}.Release|iPhone.ActiveCfg = Release|iPhone
		{F92E628A-AFB6-405C-A15F-227E0F0FE70D}.Release|iPhone.Build.0 = Release|iPhone
		{F92E628A-AFB6-405C-A15F-227E0F0FE70D}.Release|iPhoneSimulator.ActiveCfg = Release|iPhoneSimulator
		{F92E628A-AFB6-405C-A15F-227E0F0FE70D}.Release|iPhoneSimulator.Build.0 = Release|iPhoneSimulator
		{F92E628A-AFB6-405C-A15F-227E0F0FE70D}.Debug|iPhone.ActiveCfg = Debug|iPhone
		{F92E628A-AFB6-405C-A15F-227E0F0FE70D}.Debug|iPhone.Build.0 = Debug|iPhone
	EndGlobalSection
EndGlobal
